
Microsoft Visual Studio Solution File, Format Version 12.00
# Visual Studio Version 16
VisualStudioVersion = 16.0.29123.88
MinimumVisualStudioVersion = 10.0.40219.1
Project("{FAE04EC0-301F-11D3-BF4B-00C04F79EFBC}") = "InterfacesV2Project", "InterfacesV2Project\InterfacesV2Project.csproj", "{3EB76C1C-1BAA-4AE6-8452-42FF7110B559}"
EndProject
Global
	GlobalSection(SolutionConfigurationPlatforms) = preSolution
		Debug|Any CPU = Debug|Any CPU
		Release|Any CPU = Release|Any CPU
	EndGlobalSection
	GlobalSection(ProjectConfigurationPlatforms) = postSolution
		{3EB76C1C-1BAA-4AE6-8452-42FF7110B559}.Debug|Any CPU.ActiveCfg = Debug|Any CPU
		{3EB76C1C-1BAA-4AE6-8452-42FF7110B559}.Debug|Any CPU.Build.0 = Debug|Any CPU
		{3EB76C1C-1BAA-4AE6-8452-42FF7110B559}.Release|Any CPU.ActiveCfg = Release|Any CPU
		{3EB76C1C-1BAA-4AE6-8452-42FF7110B559}.Release|Any CPU.Build.0 = Release|Any CPU
	EndGlobalSection
	GlobalSection(SolutionProperties) = preSolution
		HideSolutionNode = FALSE
	EndGlobalSection
	GlobalSection(ExtensibilityGlobals) = postSolution
		SolutionGuid = {C6890B56-5C81-4D2C-89C0-A353C1586B36}
	EndGlobalSection
EndGlobal
